{
  "version": 4,
  "terraform_version": "0.12.26",
  "serial": 962,
  "lineage": "79f573ad-a166-4e09-fe9a-a830cd867a6b",
  "outputs": {},
  "resources": [
    {
      "module": "module._lucifer_kvm_guest",
      "mode": "data",
      "type": "template_file",
      "name": "network_config",
      "provider": "provider.template",
      "instances": [
        {
          "schema_version": 0,
          "attributes": {
            "filename": null,
            "id": "6d673de5a14bb1fd67db7539ea39d69d0d5a0bb6bae1883fe70583db6dfb73d6",
            "rendered": "version: 2\nethernets:\n  ens3:\n    dhcp4: no\n    dhcp6: no\n    addresses:\n      - 10.1.1.102/24\n    gateway4: 10.1.1.1\n    nameservers:\n      addresses:\n        - 10.1.1.99\n        - 10.1.1.1\n",
            "template": "version: 2\nethernets:\n  ens3:\n    dhcp4: no\n    dhcp6: no\n    addresses:\n      - ${ipv4_address}/24\n    gateway4: 10.1.1.1\n    nameservers:\n      addresses:\n        - 10.1.1.99\n        - 10.1.1.1\n",
            "vars": {
              "ipv4_address": "10.1.1.102"
            }
          }
        }
      ]
    },
    {
      "module": "module._prometheus_kvm_guest",
      "mode": "data",
      "type": "template_file",
      "name": "network_config",
      "provider": "provider.template",
      "instances": [
        {
          "schema_version": 0,
          "attributes": {
            "filename": null,
            "id": "268023f648ca8dcd2917472a62f742a002e172cc63236333747330ce19fb1b30",
            "rendered": "version: 2\nethernets:\n  ens3:\n    dhcp4: no\n    dhcp6: no\n    addresses:\n      - 10.1.1.100/24\n    gateway4: 10.1.1.1\n    nameservers:\n      addresses:\n        - 10.1.1.99\n        - 10.1.1.1\n",
            "template": "version: 2\nethernets:\n  ens3:\n    dhcp4: no\n    dhcp6: no\n    addresses:\n      - ${ipv4_address}/24\n    gateway4: 10.1.1.1\n    nameservers:\n      addresses:\n        - 10.1.1.99\n        - 10.1.1.1\n",
            "vars": {
              "ipv4_address": "10.1.1.100"
            }
          }
        }
      ]
    },
    {
      "module": "module._pihole_kvm_guest",
      "mode": "data",
      "type": "template_file",
      "name": "network_config",
      "provider": "provider.template",
      "instances": [
        {
          "schema_version": 0,
          "attributes": {
            "filename": null,
            "id": "ee18d77248e358d5ab1623619b855074296231c4e5f8e49d54cbc2be8fa24fd9",
            "rendered": "version: 2\nethernets:\n  ens3:\n    dhcp4: no\n    dhcp6: no\n    addresses:\n      - 10.1.1.99/24\n    gateway4: 10.1.1.1\n    nameservers:\n      addresses:\n        - 10.1.1.99\n        - 10.1.1.1\n",
            "template": "version: 2\nethernets:\n  ens3:\n    dhcp4: no\n    dhcp6: no\n    addresses:\n      - ${ipv4_address}/24\n    gateway4: 10.1.1.1\n    nameservers:\n      addresses:\n        - 10.1.1.99\n        - 10.1.1.1\n",
            "vars": {
              "ipv4_address": "10.1.1.99"
            }
          }
        }
      ]
    },
    {
      "module": "module._satan_kvm_guest",
      "mode": "data",
      "type": "template_file",
      "name": "network_config",
      "provider": "provider.template",
      "instances": [
        {
          "schema_version": 0,
          "attributes": {
            "filename": null,
            "id": "1cef03ba5875649db689ef7a10a738fb7e75dd7c47ee7662338fdc52933edc8d",
            "rendered": "version: 2\nethernets:\n  ens3:\n    dhcp4: no\n    dhcp6: no\n    addresses:\n      - 10.1.1.101/24\n    gateway4: 10.1.1.1\n    nameservers:\n      addresses:\n        - 10.1.1.99\n        - 10.1.1.1\n",
            "template": "version: 2\nethernets:\n  ens3:\n    dhcp4: no\n    dhcp6: no\n    addresses:\n      - ${ipv4_address}/24\n    gateway4: 10.1.1.1\n    nameservers:\n      addresses:\n        - 10.1.1.99\n        - 10.1.1.1\n",
            "vars": {
              "ipv4_address": "10.1.1.101"
            }
          }
        }
      ]
    },
    {
      "module": "module._lucifer_kvm_guest",
      "mode": "data",
      "type": "template_file",
      "name": "user_data",
      "provider": "provider.template",
      "instances": [
        {
          "schema_version": 0,
          "attributes": {
            "filename": null,
            "id": "eb2a1a3c0328ab4c29070a8adeae35082b95d432a8bfdccd734a78a13404c45b",
            "rendered": "#cloud-config\n# ***********************\n# \t---- for more examples look at: ------\n# ---\u003e https://cloudinit.readthedocs.io/en/latest/topics/examples.html\n# ******************************\nhostname: lucifer\nmanage_etc_hosts: false\nusers:\n  - name: ikke\n    sudo: ALL=(ALL) NOPASSWD:ALL\n    groups: users, admin\n    home: /home/ikke\n    shell: /bin/bash\n    lock_passwd: false\n    ssh-authorized-keys:\n      - ssh-rsa AAAAB3NzaC1yc2EAAAADAQABAAABAQC4V1nwHWqet+UIxMzwWBDc34jsUfqEkAxB4sZT/l9oDuasKNHd7iWHLQPEI9d5TOkcHc2l50Jh4rnyguwQTLS/WXEinJmrr5VaRc6gQkpYz7LbeWFTUbUeg753ivlJdYmUb0MPaNkjQqPySom2/Z89TZ2nwMdvafjSQJLY5ErsRxs0tyuPU9YimaXCC9hesa6Kv41d+oJGaAhkF6gzs03xea//WR34G+a88lAclLrbNlMMcFipt0W4Sr8XZlcPg9+WB3DKd7lsZ1C47HkbRNioC58AThw/0hVBsTfLHHPn2jTZK4y34htzCZKfSp7IZhnnR4FokZWL7eiXSGV8eWYt\n# only cert auth via ssh (console access can still login)\nssh_pwauth: false\ndisable_root: false\nchpasswd:\n  list: |\n     ikke:ikke\n  expire: False\npackages:\n  - qemu-guest-agent\n  - python3\n  - avahi-daemon\n  - aptitude\npackage_update: true\npackage_upgrade: true\npackage_reboot_if_required: true\nruncmd:\n  - [ ln, -s, /usr/bin/python3, /usr/bin/python ]\n",
            "template": "#cloud-config\n# ***********************\n# \t---- for more examples look at: ------\n# ---\u003e https://cloudinit.readthedocs.io/en/latest/topics/examples.html\n# ******************************\nhostname: ${hostname}\nmanage_etc_hosts: false\nusers:\n  - name: ikke\n    sudo: ALL=(ALL) NOPASSWD:ALL\n    groups: users, admin\n    home: /home/ikke\n    shell: /bin/bash\n    lock_passwd: false\n    ssh-authorized-keys:\n      - ssh-rsa AAAAB3NzaC1yc2EAAAADAQABAAABAQC4V1nwHWqet+UIxMzwWBDc34jsUfqEkAxB4sZT/l9oDuasKNHd7iWHLQPEI9d5TOkcHc2l50Jh4rnyguwQTLS/WXEinJmrr5VaRc6gQkpYz7LbeWFTUbUeg753ivlJdYmUb0MPaNkjQqPySom2/Z89TZ2nwMdvafjSQJLY5ErsRxs0tyuPU9YimaXCC9hesa6Kv41d+oJGaAhkF6gzs03xea//WR34G+a88lAclLrbNlMMcFipt0W4Sr8XZlcPg9+WB3DKd7lsZ1C47HkbRNioC58AThw/0hVBsTfLHHPn2jTZK4y34htzCZKfSp7IZhnnR4FokZWL7eiXSGV8eWYt\n# only cert auth via ssh (console access can still login)\nssh_pwauth: false\ndisable_root: false\nchpasswd:\n  list: |\n     ikke:ikke\n  expire: False\npackages:\n  - qemu-guest-agent\n  - python3\n  - avahi-daemon\n  - aptitude\npackage_update: true\npackage_upgrade: true\npackage_reboot_if_required: true\nruncmd:\n  - [ ln, -s, /usr/bin/python3, /usr/bin/python ]\n",
            "vars": {
              "hostname": "lucifer"
            }
          }
        }
      ]
    },
    {
      "module": "module._prometheus_kvm_guest",
      "mode": "data",
      "type": "template_file",
      "name": "user_data",
      "provider": "provider.template",
      "instances": [
        {
          "schema_version": 0,
          "attributes": {
            "filename": null,
            "id": "6392e43d39b83337d83880f648f1e687a3622f98790ea93d19c2b1455140eff1",
            "rendered": "#cloud-config\n# ***********************\n# \t---- for more examples look at: ------\n# ---\u003e https://cloudinit.readthedocs.io/en/latest/topics/examples.html\n# ******************************\nhostname: prometheus\nmanage_etc_hosts: false\nusers:\n  - name: ikke\n    sudo: ALL=(ALL) NOPASSWD:ALL\n    groups: users, admin\n    home: /home/ikke\n    shell: /bin/bash\n    lock_passwd: false\n    ssh-authorized-keys:\n      - ssh-rsa AAAAB3NzaC1yc2EAAAADAQABAAABAQC4V1nwHWqet+UIxMzwWBDc34jsUfqEkAxB4sZT/l9oDuasKNHd7iWHLQPEI9d5TOkcHc2l50Jh4rnyguwQTLS/WXEinJmrr5VaRc6gQkpYz7LbeWFTUbUeg753ivlJdYmUb0MPaNkjQqPySom2/Z89TZ2nwMdvafjSQJLY5ErsRxs0tyuPU9YimaXCC9hesa6Kv41d+oJGaAhkF6gzs03xea//WR34G+a88lAclLrbNlMMcFipt0W4Sr8XZlcPg9+WB3DKd7lsZ1C47HkbRNioC58AThw/0hVBsTfLHHPn2jTZK4y34htzCZKfSp7IZhnnR4FokZWL7eiXSGV8eWYt\n# only cert auth via ssh (console access can still login)\nssh_pwauth: false\ndisable_root: false\nchpasswd:\n  list: |\n     ikke:ikke\n  expire: False\npackages:\n  - qemu-guest-agent\n  - python3\n  - avahi-daemon\n  - aptitude\npackage_update: true\npackage_upgrade: true\npackage_reboot_if_required: true\nruncmd:\n  - [ ln, -s, /usr/bin/python3, /usr/bin/python ]\n",
            "template": "#cloud-config\n# ***********************\n# \t---- for more examples look at: ------\n# ---\u003e https://cloudinit.readthedocs.io/en/latest/topics/examples.html\n# ******************************\nhostname: ${hostname}\nmanage_etc_hosts: false\nusers:\n  - name: ikke\n    sudo: ALL=(ALL) NOPASSWD:ALL\n    groups: users, admin\n    home: /home/ikke\n    shell: /bin/bash\n    lock_passwd: false\n    ssh-authorized-keys:\n      - ssh-rsa AAAAB3NzaC1yc2EAAAADAQABAAABAQC4V1nwHWqet+UIxMzwWBDc34jsUfqEkAxB4sZT/l9oDuasKNHd7iWHLQPEI9d5TOkcHc2l50Jh4rnyguwQTLS/WXEinJmrr5VaRc6gQkpYz7LbeWFTUbUeg753ivlJdYmUb0MPaNkjQqPySom2/Z89TZ2nwMdvafjSQJLY5ErsRxs0tyuPU9YimaXCC9hesa6Kv41d+oJGaAhkF6gzs03xea//WR34G+a88lAclLrbNlMMcFipt0W4Sr8XZlcPg9+WB3DKd7lsZ1C47HkbRNioC58AThw/0hVBsTfLHHPn2jTZK4y34htzCZKfSp7IZhnnR4FokZWL7eiXSGV8eWYt\n# only cert auth via ssh (console access can still login)\nssh_pwauth: false\ndisable_root: false\nchpasswd:\n  list: |\n     ikke:ikke\n  expire: False\npackages:\n  - qemu-guest-agent\n  - python3\n  - avahi-daemon\n  - aptitude\npackage_update: true\npackage_upgrade: true\npackage_reboot_if_required: true\nruncmd:\n  - [ ln, -s, /usr/bin/python3, /usr/bin/python ]\n",
            "vars": {
              "hostname": "prometheus"
            }
          }
        }
      ]
    },
    {
      "module": "module._pihole_kvm_guest",
      "mode": "data",
      "type": "template_file",
      "name": "user_data",
      "provider": "provider.template",
      "instances": [
        {
          "schema_version": 0,
          "attributes": {
            "filename": null,
            "id": "cf9f53b7aec348c9790a8208f897a73ec20d1bf6f3fe59e7487e37748365a6a3",
            "rendered": "#cloud-config\n# ***********************\n# \t---- for more examples look at: ------\n# ---\u003e https://cloudinit.readthedocs.io/en/latest/topics/examples.html\n# ******************************\nhostname: pihole\nmanage_etc_hosts: false\nusers:\n  - name: ikke\n    sudo: ALL=(ALL) NOPASSWD:ALL\n    groups: users, admin\n    home: /home/ikke\n    shell: /bin/bash\n    lock_passwd: false\n    ssh-authorized-keys:\n      - ssh-rsa AAAAB3NzaC1yc2EAAAADAQABAAABAQC4V1nwHWqet+UIxMzwWBDc34jsUfqEkAxB4sZT/l9oDuasKNHd7iWHLQPEI9d5TOkcHc2l50Jh4rnyguwQTLS/WXEinJmrr5VaRc6gQkpYz7LbeWFTUbUeg753ivlJdYmUb0MPaNkjQqPySom2/Z89TZ2nwMdvafjSQJLY5ErsRxs0tyuPU9YimaXCC9hesa6Kv41d+oJGaAhkF6gzs03xea//WR34G+a88lAclLrbNlMMcFipt0W4Sr8XZlcPg9+WB3DKd7lsZ1C47HkbRNioC58AThw/0hVBsTfLHHPn2jTZK4y34htzCZKfSp7IZhnnR4FokZWL7eiXSGV8eWYt\n# only cert auth via ssh (console access can still login)\nssh_pwauth: false\ndisable_root: false\nchpasswd:\n  list: |\n     ikke:ikke\n  expire: False\npackages:\n  - qemu-guest-agent\n  - python3\n  - avahi-daemon\n  - aptitude\npackage_update: true\npackage_upgrade: true\npackage_reboot_if_required: true\nruncmd:\n  - [ ln, -s, /usr/bin/python3, /usr/bin/python ]\n",
            "template": "#cloud-config\n# ***********************\n# \t---- for more examples look at: ------\n# ---\u003e https://cloudinit.readthedocs.io/en/latest/topics/examples.html\n# ******************************\nhostname: ${hostname}\nmanage_etc_hosts: false\nusers:\n  - name: ikke\n    sudo: ALL=(ALL) NOPASSWD:ALL\n    groups: users, admin\n    home: /home/ikke\n    shell: /bin/bash\n    lock_passwd: false\n    ssh-authorized-keys:\n      - ssh-rsa AAAAB3NzaC1yc2EAAAADAQABAAABAQC4V1nwHWqet+UIxMzwWBDc34jsUfqEkAxB4sZT/l9oDuasKNHd7iWHLQPEI9d5TOkcHc2l50Jh4rnyguwQTLS/WXEinJmrr5VaRc6gQkpYz7LbeWFTUbUeg753ivlJdYmUb0MPaNkjQqPySom2/Z89TZ2nwMdvafjSQJLY5ErsRxs0tyuPU9YimaXCC9hesa6Kv41d+oJGaAhkF6gzs03xea//WR34G+a88lAclLrbNlMMcFipt0W4Sr8XZlcPg9+WB3DKd7lsZ1C47HkbRNioC58AThw/0hVBsTfLHHPn2jTZK4y34htzCZKfSp7IZhnnR4FokZWL7eiXSGV8eWYt\n# only cert auth via ssh (console access can still login)\nssh_pwauth: false\ndisable_root: false\nchpasswd:\n  list: |\n     ikke:ikke\n  expire: False\npackages:\n  - qemu-guest-agent\n  - python3\n  - avahi-daemon\n  - aptitude\npackage_update: true\npackage_upgrade: true\npackage_reboot_if_required: true\nruncmd:\n  - [ ln, -s, /usr/bin/python3, /usr/bin/python ]\n",
            "vars": {
              "hostname": "pihole"
            }
          }
        }
      ]
    },
    {
      "module": "module._satan_kvm_guest",
      "mode": "data",
      "type": "template_file",
      "name": "user_data",
      "provider": "provider.template",
      "instances": [
        {
          "schema_version": 0,
          "attributes": {
            "filename": null,
            "id": "e4c392be12a443a438ee1df30ce6b45b6c335917b6097d3ec9358bb91007e6e7",
            "rendered": "#cloud-config\n# ***********************\n# \t---- for more examples look at: ------\n# ---\u003e https://cloudinit.readthedocs.io/en/latest/topics/examples.html\n# ******************************\nhostname: satan\nmanage_etc_hosts: false\nusers:\n  - name: ikke\n    sudo: ALL=(ALL) NOPASSWD:ALL\n    groups: users, admin\n    home: /home/ikke\n    shell: /bin/bash\n    lock_passwd: false\n    ssh-authorized-keys:\n      - ssh-rsa AAAAB3NzaC1yc2EAAAADAQABAAABAQC4V1nwHWqet+UIxMzwWBDc34jsUfqEkAxB4sZT/l9oDuasKNHd7iWHLQPEI9d5TOkcHc2l50Jh4rnyguwQTLS/WXEinJmrr5VaRc6gQkpYz7LbeWFTUbUeg753ivlJdYmUb0MPaNkjQqPySom2/Z89TZ2nwMdvafjSQJLY5ErsRxs0tyuPU9YimaXCC9hesa6Kv41d+oJGaAhkF6gzs03xea//WR34G+a88lAclLrbNlMMcFipt0W4Sr8XZlcPg9+WB3DKd7lsZ1C47HkbRNioC58AThw/0hVBsTfLHHPn2jTZK4y34htzCZKfSp7IZhnnR4FokZWL7eiXSGV8eWYt\n# only cert auth via ssh (console access can still login)\nssh_pwauth: false\ndisable_root: false\nchpasswd:\n  list: |\n     ikke:ikke\n  expire: False\npackages:\n  - qemu-guest-agent\n  - python3\n  - avahi-daemon\n  - aptitude\npackage_update: true\npackage_upgrade: true\npackage_reboot_if_required: true\nruncmd:\n  - [ ln, -s, /usr/bin/python3, /usr/bin/python ]\n",
            "template": "#cloud-config\n# ***********************\n# \t---- for more examples look at: ------\n# ---\u003e https://cloudinit.readthedocs.io/en/latest/topics/examples.html\n# ******************************\nhostname: ${hostname}\nmanage_etc_hosts: false\nusers:\n  - name: ikke\n    sudo: ALL=(ALL) NOPASSWD:ALL\n    groups: users, admin\n    home: /home/ikke\n    shell: /bin/bash\n    lock_passwd: false\n    ssh-authorized-keys:\n      - ssh-rsa AAAAB3NzaC1yc2EAAAADAQABAAABAQC4V1nwHWqet+UIxMzwWBDc34jsUfqEkAxB4sZT/l9oDuasKNHd7iWHLQPEI9d5TOkcHc2l50Jh4rnyguwQTLS/WXEinJmrr5VaRc6gQkpYz7LbeWFTUbUeg753ivlJdYmUb0MPaNkjQqPySom2/Z89TZ2nwMdvafjSQJLY5ErsRxs0tyuPU9YimaXCC9hesa6Kv41d+oJGaAhkF6gzs03xea//WR34G+a88lAclLrbNlMMcFipt0W4Sr8XZlcPg9+WB3DKd7lsZ1C47HkbRNioC58AThw/0hVBsTfLHHPn2jTZK4y34htzCZKfSp7IZhnnR4FokZWL7eiXSGV8eWYt\n# only cert auth via ssh (console access can still login)\nssh_pwauth: false\ndisable_root: false\nchpasswd:\n  list: |\n     ikke:ikke\n  expire: False\npackages:\n  - qemu-guest-agent\n  - python3\n  - avahi-daemon\n  - aptitude\npackage_update: true\npackage_upgrade: true\npackage_reboot_if_required: true\nruncmd:\n  - [ ln, -s, /usr/bin/python3, /usr/bin/python ]\n",
            "vars": {
              "hostname": "satan"
            }
          }
        }
      ]
    },
    {
      "module": "module._lucifer_kvm_guest",
      "mode": "managed",
      "type": "libvirt_cloudinit_disk",
      "name": "cloudinit_data",
      "provider": "provider.libvirt",
      "instances": [
        {
          "schema_version": 0,
          "attributes": {
            "id": "/opt/kvm/pools/lucifer/lucifer_cloudinit_data;61f5374f-fc60-21eb-f3dc-bd8b0d25b190",
            "meta_data": "",
            "name": "lucifer_cloudinit_data",
            "network_config": "version: 2\nethernets:\n  ens3:\n    dhcp4: no\n    dhcp6: no\n    addresses:\n      - 10.1.1.102/24\n    gateway4: 10.1.1.1\n    nameservers:\n      addresses:\n        - 10.1.1.99\n        - 10.1.1.1\n",
            "pool": "lucifer",
            "user_data": "#cloud-config\n# ***********************\n# \t---- for more examples look at: ------\n# ---\u003e https://cloudinit.readthedocs.io/en/latest/topics/examples.html\n# ******************************\nhostname: lucifer\nmanage_etc_hosts: false\nusers:\n  - name: ikke\n    sudo: ALL=(ALL) NOPASSWD:ALL\n    groups: users, admin\n    home: /home/ikke\n    shell: /bin/bash\n    lock_passwd: false\n    ssh-authorized-keys:\n      - ssh-rsa AAAAB3NzaC1yc2EAAAADAQABAAABAQC4V1nwHWqet+UIxMzwWBDc34jsUfqEkAxB4sZT/l9oDuasKNHd7iWHLQPEI9d5TOkcHc2l50Jh4rnyguwQTLS/WXEinJmrr5VaRc6gQkpYz7LbeWFTUbUeg753ivlJdYmUb0MPaNkjQqPySom2/Z89TZ2nwMdvafjSQJLY5ErsRxs0tyuPU9YimaXCC9hesa6Kv41d+oJGaAhkF6gzs03xea//WR34G+a88lAclLrbNlMMcFipt0W4Sr8XZlcPg9+WB3DKd7lsZ1C47HkbRNioC58AThw/0hVBsTfLHHPn2jTZK4y34htzCZKfSp7IZhnnR4FokZWL7eiXSGV8eWYt\n# only cert auth via ssh (console access can still login)\nssh_pwauth: false\ndisable_root: false\nchpasswd:\n  list: |\n     ikke:ikke\n  expire: False\npackages:\n  - qemu-guest-agent\n  - python3\n  - avahi-daemon\n  - aptitude\npackage_update: true\npackage_upgrade: true\npackage_reboot_if_required: true\nruncmd:\n  - [ ln, -s, /usr/bin/python3, /usr/bin/python ]\n"
          },
          "private": "bnVsbA==",
          "dependencies": [
            "module._lucifer_kvm_guest.libvirt_pool.pool"
          ]
        }
      ]
    },
    {
      "module": "module._prometheus_kvm_guest",
      "mode": "managed",
      "type": "libvirt_cloudinit_disk",
      "name": "cloudinit_data",
      "provider": "provider.libvirt",
      "instances": [
        {
          "schema_version": 0,
          "attributes": {
            "id": "/opt/kvm/pools/prometheus/prometheus_cloudinit_data;61f53055-f1f4-f0c4-2227-ba3628676ed4",
            "meta_data": "",
            "name": "prometheus_cloudinit_data",
            "network_config": "version: 2\nethernets:\n  ens3:\n    dhcp4: no\n    dhcp6: no\n    addresses:\n      - 10.1.1.100/24\n    gateway4: 10.1.1.1\n    nameservers:\n      addresses:\n        - 10.1.1.99\n        - 10.1.1.1\n",
            "pool": "prometheus",
            "user_data": "#cloud-config\n# ***********************\n# \t---- for more examples look at: ------\n# ---\u003e https://cloudinit.readthedocs.io/en/latest/topics/examples.html\n# ******************************\nhostname: prometheus\nmanage_etc_hosts: false\nusers:\n  - name: ikke\n    sudo: ALL=(ALL) NOPASSWD:ALL\n    groups: users, admin\n    home: /home/ikke\n    shell: /bin/bash\n    lock_passwd: false\n    ssh-authorized-keys:\n      - ssh-rsa AAAAB3NzaC1yc2EAAAADAQABAAABAQC4V1nwHWqet+UIxMzwWBDc34jsUfqEkAxB4sZT/l9oDuasKNHd7iWHLQPEI9d5TOkcHc2l50Jh4rnyguwQTLS/WXEinJmrr5VaRc6gQkpYz7LbeWFTUbUeg753ivlJdYmUb0MPaNkjQqPySom2/Z89TZ2nwMdvafjSQJLY5ErsRxs0tyuPU9YimaXCC9hesa6Kv41d+oJGaAhkF6gzs03xea//WR34G+a88lAclLrbNlMMcFipt0W4Sr8XZlcPg9+WB3DKd7lsZ1C47HkbRNioC58AThw/0hVBsTfLHHPn2jTZK4y34htzCZKfSp7IZhnnR4FokZWL7eiXSGV8eWYt\n# only cert auth via ssh (console access can still login)\nssh_pwauth: false\ndisable_root: false\nchpasswd:\n  list: |\n     ikke:ikke\n  expire: False\npackages:\n  - qemu-guest-agent\n  - python3\n  - avahi-daemon\n  - aptitude\npackage_update: true\npackage_upgrade: true\npackage_reboot_if_required: true\nruncmd:\n  - [ ln, -s, /usr/bin/python3, /usr/bin/python ]\n"
          },
          "private": "bnVsbA==",
          "dependencies": [
            "module._prometheus_kvm_guest.libvirt_pool.pool"
          ]
        }
      ]
    },
    {
      "module": "module._pihole_kvm_guest",
      "mode": "managed",
      "type": "libvirt_cloudinit_disk",
      "name": "cloudinit_data",
      "provider": "provider.libvirt",
      "instances": [
        {
          "schema_version": 0,
          "attributes": {
            "id": "/opt/kvm/pools/pihole/pihole_cloudinit_data;61f5374f-29dc-9002-e550-7118a2c155c6",
            "meta_data": "",
            "name": "pihole_cloudinit_data",
            "network_config": "version: 2\nethernets:\n  ens3:\n    dhcp4: no\n    dhcp6: no\n    addresses:\n      - 10.1.1.99/24\n    gateway4: 10.1.1.1\n    nameservers:\n      addresses:\n        - 10.1.1.99\n        - 10.1.1.1\n",
            "pool": "pihole",
            "user_data": "#cloud-config\n# ***********************\n# \t---- for more examples look at: ------\n# ---\u003e https://cloudinit.readthedocs.io/en/latest/topics/examples.html\n# ******************************\nhostname: pihole\nmanage_etc_hosts: false\nusers:\n  - name: ikke\n    sudo: ALL=(ALL) NOPASSWD:ALL\n    groups: users, admin\n    home: /home/ikke\n    shell: /bin/bash\n    lock_passwd: false\n    ssh-authorized-keys:\n      - ssh-rsa AAAAB3NzaC1yc2EAAAADAQABAAABAQC4V1nwHWqet+UIxMzwWBDc34jsUfqEkAxB4sZT/l9oDuasKNHd7iWHLQPEI9d5TOkcHc2l50Jh4rnyguwQTLS/WXEinJmrr5VaRc6gQkpYz7LbeWFTUbUeg753ivlJdYmUb0MPaNkjQqPySom2/Z89TZ2nwMdvafjSQJLY5ErsRxs0tyuPU9YimaXCC9hesa6Kv41d+oJGaAhkF6gzs03xea//WR34G+a88lAclLrbNlMMcFipt0W4Sr8XZlcPg9+WB3DKd7lsZ1C47HkbRNioC58AThw/0hVBsTfLHHPn2jTZK4y34htzCZKfSp7IZhnnR4FokZWL7eiXSGV8eWYt\n# only cert auth via ssh (console access can still login)\nssh_pwauth: false\ndisable_root: false\nchpasswd:\n  list: |\n     ikke:ikke\n  expire: False\npackages:\n  - qemu-guest-agent\n  - python3\n  - avahi-daemon\n  - aptitude\npackage_update: true\npackage_upgrade: true\npackage_reboot_if_required: true\nruncmd:\n  - [ ln, -s, /usr/bin/python3, /usr/bin/python ]\n"
          },
          "private": "bnVsbA==",
          "dependencies": [
            "module._pihole_kvm_guest.libvirt_pool.pool"
          ]
        }
      ]
    },
    {
      "module": "module._satan_kvm_guest",
      "mode": "managed",
      "type": "libvirt_cloudinit_disk",
      "name": "cloudinit_data",
      "provider": "provider.libvirt",
      "instances": [
        {
          "schema_version": 0,
          "attributes": {
            "id": "/opt/kvm/pools/satan/satan_cloudinit_data;61f5374f-fb65-8c17-4064-12fc87aca738",
            "meta_data": "",
            "name": "satan_cloudinit_data",
            "network_config": "version: 2\nethernets:\n  ens3:\n    dhcp4: no\n    dhcp6: no\n    addresses:\n      - 10.1.1.101/24\n    gateway4: 10.1.1.1\n    nameservers:\n      addresses:\n        - 10.1.1.99\n        - 10.1.1.1\n",
            "pool": "satan",
            "user_data": "#cloud-config\n# ***********************\n# \t---- for more examples look at: ------\n# ---\u003e https://cloudinit.readthedocs.io/en/latest/topics/examples.html\n# ******************************\nhostname: satan\nmanage_etc_hosts: false\nusers:\n  - name: ikke\n    sudo: ALL=(ALL) NOPASSWD:ALL\n    groups: users, admin\n    home: /home/ikke\n    shell: /bin/bash\n    lock_passwd: false\n    ssh-authorized-keys:\n      - ssh-rsa AAAAB3NzaC1yc2EAAAADAQABAAABAQC4V1nwHWqet+UIxMzwWBDc34jsUfqEkAxB4sZT/l9oDuasKNHd7iWHLQPEI9d5TOkcHc2l50Jh4rnyguwQTLS/WXEinJmrr5VaRc6gQkpYz7LbeWFTUbUeg753ivlJdYmUb0MPaNkjQqPySom2/Z89TZ2nwMdvafjSQJLY5ErsRxs0tyuPU9YimaXCC9hesa6Kv41d+oJGaAhkF6gzs03xea//WR34G+a88lAclLrbNlMMcFipt0W4Sr8XZlcPg9+WB3DKd7lsZ1C47HkbRNioC58AThw/0hVBsTfLHHPn2jTZK4y34htzCZKfSp7IZhnnR4FokZWL7eiXSGV8eWYt\n# only cert auth via ssh (console access can still login)\nssh_pwauth: false\ndisable_root: false\nchpasswd:\n  list: |\n     ikke:ikke\n  expire: False\npackages:\n  - qemu-guest-agent\n  - python3\n  - avahi-daemon\n  - aptitude\npackage_update: true\npackage_upgrade: true\npackage_reboot_if_required: true\nruncmd:\n  - [ ln, -s, /usr/bin/python3, /usr/bin/python ]\n"
          },
          "private": "bnVsbA==",
          "dependencies": [
            "module._satan_kvm_guest.libvirt_pool.pool"
          ]
        }
      ]
    },
    {
      "module": "module._lucifer_kvm_guest",
      "mode": "managed",
      "type": "libvirt_domain",
      "name": "domain",
      "provider": "provider.libvirt",
      "instances": [
        {
          "schema_version": 0,
          "attributes": {
            "arch": "x86_64",
            "autostart": true,
            "boot_device": [],
            "cloudinit": "/opt/kvm/pools/lucifer/lucifer_cloudinit_data;61f5374f-fc60-21eb-f3dc-bd8b0d25b190",
            "cmdline": [],
            "console": [
              {
                "source_host": "127.0.0.1",
                "source_path": "",
                "source_service": "0",
                "target_port": "0",
                "target_type": "serial",
                "type": "pty"
              },
              {
                "source_host": "127.0.0.1",
                "source_path": "",
                "source_service": "0",
                "target_port": "1",
                "target_type": "virtio",
                "type": "pty"
              }
            ],
            "coreos_ignition": null,
            "cpu": null,
            "description": "",
            "disk": [
              {
                "block_device": "",
                "file": "",
                "scsi": false,
                "url": "",
                "volume_id": "/opt/kvm/pools/lucifer/lucifer",
                "wwn": ""
              }
            ],
            "emulator": "/usr/bin/qemu-system-x86_64",
            "filesystem": [],
            "firmware": "",
            "fw_cfg_name": "opt/com.coreos/config",
            "graphics": [],
            "id": "fc8d2ebd-77a2-43bc-94f9-a661cc143eef",
            "initrd": "",
            "kernel": "",
            "machine": "ubuntu",
            "memory": 1024,
            "metadata": null,
            "name": "lucifer",
            "network_interface": [
              {
                "addresses": [],
                "bridge": "br0",
                "hostname": "",
                "mac": "52:54:00:2E:5B:22",
                "macvtap": "",
                "network_id": "",
                "network_name": "",
                "passthrough": "",
                "vepa": "",
                "wait_for_lease": false
              }
            ],
            "nvram": [],
            "qemu_agent": false,
            "running": true,
            "timeouts": null,
            "vcpu": 2,
            "video": [],
            "xml": []
          },
          "private": "eyJlMmJmYjczMC1lY2FhLTExZTYtOGY4OC0zNDM2M2JjN2M0YzAiOnsiY3JlYXRlIjozMDAwMDAwMDAwMDB9fQ==",
          "dependencies": [
            "module._lucifer_kvm_guest.libvirt_cloudinit_disk.cloudinit_data",
            "module._lucifer_kvm_guest.libvirt_pool.pool",
            "module._lucifer_kvm_guest.libvirt_volume.volume"
          ]
        }
      ]
    },
    {
      "module": "module._prometheus_kvm_guest",
      "mode": "managed",
      "type": "libvirt_domain",
      "name": "domain",
      "provider": "provider.libvirt",
      "instances": [
        {
          "schema_version": 0,
          "attributes": {
            "arch": "x86_64",
            "autostart": true,
            "boot_device": [],
            "cloudinit": "/opt/kvm/pools/prometheus/prometheus_cloudinit_data;61f53055-f1f4-f0c4-2227-ba3628676ed4",
            "cmdline": [],
            "console": [
              {
                "source_host": "127.0.0.1",
                "source_path": "",
                "source_service": "0",
                "target_port": "0",
                "target_type": "serial",
                "type": "pty"
              },
              {
                "source_host": "127.0.0.1",
                "source_path": "",
                "source_service": "0",
                "target_port": "1",
                "target_type": "virtio",
                "type": "pty"
              }
            ],
            "coreos_ignition": null,
            "cpu": null,
            "description": "",
            "disk": [
              {
                "block_device": "",
                "file": "",
                "scsi": false,
                "url": "",
                "volume_id": "/opt/kvm/pools/prometheus/prometheus",
                "wwn": ""
              }
            ],
            "emulator": "/usr/bin/qemu-system-x86_64",
            "filesystem": [],
            "firmware": "",
            "fw_cfg_name": "opt/com.coreos/config",
            "graphics": [],
            "id": "69ea494f-18cf-45aa-a34c-d5ee3254e74f",
            "initrd": "",
            "kernel": "",
            "machine": "ubuntu",
            "memory": 4096,
            "metadata": null,
            "name": "prometheus",
            "network_interface": [
              {
                "addresses": [],
                "bridge": "br0",
                "hostname": "",
                "mac": "52:54:00:A6:83:CF",
                "macvtap": "",
                "network_id": "",
                "network_name": "",
                "passthrough": "",
                "vepa": "",
                "wait_for_lease": false
              }
            ],
            "nvram": [],
            "qemu_agent": false,
            "running": true,
            "timeouts": null,
            "vcpu": 2,
            "video": [],
            "xml": []
          },
          "private": "eyJlMmJmYjczMC1lY2FhLTExZTYtOGY4OC0zNDM2M2JjN2M0YzAiOnsiY3JlYXRlIjozMDAwMDAwMDAwMDB9fQ==",
          "dependencies": [
            "module._prometheus_kvm_guest.libvirt_cloudinit_disk.cloudinit_data",
            "module._prometheus_kvm_guest.libvirt_pool.pool",
            "module._prometheus_kvm_guest.libvirt_volume.volume"
          ]
        }
      ]
    },
    {
      "module": "module._pihole_kvm_guest",
      "mode": "managed",
      "type": "libvirt_domain",
      "name": "domain",
      "provider": "provider.libvirt",
      "instances": [
        {
          "schema_version": 0,
          "attributes": {
            "arch": "x86_64",
            "autostart": true,
            "boot_device": [],
            "cloudinit": "/opt/kvm/pools/pihole/pihole_cloudinit_data;61f5374f-29dc-9002-e550-7118a2c155c6",
            "cmdline": [],
            "console": [
              {
                "source_host": "127.0.0.1",
                "source_path": "",
                "source_service": "0",
                "target_port": "0",
                "target_type": "serial",
                "type": "pty"
              },
              {
                "source_host": "127.0.0.1",
                "source_path": "",
                "source_service": "0",
                "target_port": "1",
                "target_type": "virtio",
                "type": "pty"
              }
            ],
            "coreos_ignition": null,
            "cpu": null,
            "description": "",
            "disk": [
              {
                "block_device": "",
                "file": "",
                "scsi": false,
                "url": "",
                "volume_id": "/opt/kvm/pools/pihole/pihole",
                "wwn": ""
              }
            ],
            "emulator": "/usr/bin/qemu-system-x86_64",
            "filesystem": [],
            "firmware": "",
            "fw_cfg_name": "opt/com.coreos/config",
            "graphics": [],
            "id": "0d4311ca-0305-4494-8163-3255e3431042",
            "initrd": "",
            "kernel": "",
            "machine": "ubuntu",
            "memory": 512,
            "metadata": null,
            "name": "pihole",
            "network_interface": [
              {
                "addresses": [],
                "bridge": "br0",
                "hostname": "",
                "mac": "52:54:00:EE:BF:02",
                "macvtap": "",
                "network_id": "",
                "network_name": "",
                "passthrough": "",
                "vepa": "",
                "wait_for_lease": false
              }
            ],
            "nvram": [],
            "qemu_agent": false,
            "running": true,
            "timeouts": null,
            "vcpu": 2,
            "video": [],
            "xml": []
          },
          "private": "eyJlMmJmYjczMC1lY2FhLTExZTYtOGY4OC0zNDM2M2JjN2M0YzAiOnsiY3JlYXRlIjozMDAwMDAwMDAwMDB9fQ==",
          "dependencies": [
            "module._pihole_kvm_guest.libvirt_cloudinit_disk.cloudinit_data",
            "module._pihole_kvm_guest.libvirt_pool.pool",
            "module._pihole_kvm_guest.libvirt_volume.volume"
          ]
        }
      ]
    },
    {
      "module": "module._satan_kvm_guest",
      "mode": "managed",
      "type": "libvirt_domain",
      "name": "domain",
      "provider": "provider.libvirt",
      "instances": [
        {
          "schema_version": 0,
          "attributes": {
            "arch": "x86_64",
            "autostart": true,
            "boot_device": [],
            "cloudinit": "/opt/kvm/pools/satan/satan_cloudinit_data;61f5374f-fb65-8c17-4064-12fc87aca738",
            "cmdline": [],
            "console": [
              {
                "source_host": "127.0.0.1",
                "source_path": "",
                "source_service": "0",
                "target_port": "0",
                "target_type": "serial",
                "type": "pty"
              },
              {
                "source_host": "127.0.0.1",
                "source_path": "",
                "source_service": "0",
                "target_port": "1",
                "target_type": "virtio",
                "type": "pty"
              }
            ],
            "coreos_ignition": null,
            "cpu": null,
            "description": "",
            "disk": [
              {
                "block_device": "",
                "file": "",
                "scsi": false,
                "url": "",
                "volume_id": "/opt/kvm/pools/satan/satan",
                "wwn": ""
              }
            ],
            "emulator": "/usr/bin/qemu-system-x86_64",
            "filesystem": [],
            "firmware": "",
            "fw_cfg_name": "opt/com.coreos/config",
            "graphics": [],
            "id": "c2bf1187-68bf-40e9-9643-632fc978ada4",
            "initrd": "",
            "kernel": "",
            "machine": "ubuntu",
            "memory": 1024,
            "metadata": null,
            "name": "satan",
            "network_interface": [
              {
                "addresses": [],
                "bridge": "br0",
                "hostname": "",
                "mac": "52:54:00:36:53:D8",
                "macvtap": "",
                "network_id": "",
                "network_name": "",
                "passthrough": "",
                "vepa": "",
                "wait_for_lease": false
              }
            ],
            "nvram": [],
            "qemu_agent": false,
            "running": true,
            "timeouts": null,
            "vcpu": 2,
            "video": [],
            "xml": []
          },
          "private": "eyJlMmJmYjczMC1lY2FhLTExZTYtOGY4OC0zNDM2M2JjN2M0YzAiOnsiY3JlYXRlIjozMDAwMDAwMDAwMDB9fQ==",
          "dependencies": [
            "module._satan_kvm_guest.libvirt_cloudinit_disk.cloudinit_data",
            "module._satan_kvm_guest.libvirt_pool.pool",
            "module._satan_kvm_guest.libvirt_volume.volume"
          ]
        }
      ]
    },
    {
      "mode": "managed",
      "type": "libvirt_pool",
      "name": "pool",
      "provider": "provider.libvirt",
      "instances": [
        {
          "schema_version": 0,
          "attributes": {
            "allocation": 108985110528,
            "available": null,
            "capacity": 234684264448,
            "id": "3f2fa0e9-2a16-48d1-bd40-08bdae4f8056",
            "name": "ubuntu_20.04_base",
            "path": "/opt/kvm/pools/ubuntu_20.04_base",
            "type": "dir",
            "xml": []
          },
          "private": "bnVsbA=="
        }
      ]
    },
    {
      "module": "module._lucifer_kvm_guest",
      "mode": "managed",
      "type": "libvirt_pool",
      "name": "pool",
      "provider": "provider.libvirt",
      "instances": [
        {
          "schema_version": 0,
          "attributes": {
            "allocation": 108985110528,
            "available": null,
            "capacity": 234684264448,
            "id": "49b01c9e-ca5d-4a99-a65b-60940dd9bbbc",
            "name": "lucifer",
            "path": "/opt/kvm/pools/lucifer",
            "type": "dir",
            "xml": []
          },
          "private": "bnVsbA=="
        }
      ]
    },
    {
      "module": "module._prometheus_kvm_guest",
      "mode": "managed",
      "type": "libvirt_pool",
      "name": "pool",
      "provider": "provider.libvirt",
      "instances": [
        {
          "schema_version": 0,
          "attributes": {
            "allocation": 108991397888,
            "available": null,
            "capacity": 234684264448,
            "id": "5cb26caa-504c-4e25-885a-b4f349074dbc",
            "name": "prometheus",
            "path": "/opt/kvm/pools/prometheus",
            "type": "dir",
            "xml": []
          },
          "private": "bnVsbA=="
        }
      ]
    },
    {
      "module": "module._pihole_kvm_guest",
      "mode": "managed",
      "type": "libvirt_pool",
      "name": "pool",
      "provider": "provider.libvirt",
      "instances": [
        {
          "schema_version": 0,
          "attributes": {
            "allocation": 108985110528,
            "available": null,
            "capacity": 234684264448,
            "id": "94ee596d-d332-4564-a058-3f778d8f4d1a",
            "name": "pihole",
            "path": "/opt/kvm/pools/pihole",
            "type": "dir",
            "xml": []
          },
          "private": "bnVsbA=="
        }
      ]
    },
    {
      "module": "module._satan_kvm_guest",
      "mode": "managed",
      "type": "libvirt_pool",
      "name": "pool",
      "provider": "provider.libvirt",
      "instances": [
        {
          "schema_version": 0,
          "attributes": {
            "allocation": 108985110528,
            "available": null,
            "capacity": 234684264448,
            "id": "694f1867-3296-4acb-8619-7191737ff946",
            "name": "satan",
            "path": "/opt/kvm/pools/satan",
            "type": "dir",
            "xml": []
          },
          "private": "bnVsbA=="
        }
      ]
    },
    {
      "mode": "managed",
      "type": "libvirt_volume",
      "name": "ubuntu_base",
      "provider": "provider.libvirt",
      "instances": [
        {
          "schema_version": 0,
          "attributes": {
            "base_volume_id": null,
            "base_volume_name": null,
            "base_volume_pool": null,
            "format": "qcow2",
            "id": "/opt/kvm/pools/ubuntu_20.04_base/ubuntu_20.04",
            "name": "ubuntu_20.04",
            "pool": "ubuntu_20.04_base",
            "size": 2361393152,
            "source": "https://cloud-images.ubuntu.com/releases/focal/release/ubuntu-20.04-server-cloudimg-amd64.img",
            "xml": []
          },
          "private": "bnVsbA==",
          "dependencies": [
            "libvirt_pool.pool"
          ]
        }
      ]
    },
    {
      "module": "module._lucifer_kvm_guest",
      "mode": "managed",
      "type": "libvirt_volume",
      "name": "volume",
      "provider": "provider.libvirt",
      "instances": [
        {
          "schema_version": 0,
          "attributes": {
            "base_volume_id": "/opt/kvm/pools/ubuntu_20.04_base/ubuntu_20.04",
            "base_volume_name": null,
            "base_volume_pool": null,
            "format": "qcow2",
            "id": "/opt/kvm/pools/lucifer/lucifer",
            "name": "lucifer",
            "pool": "lucifer",
            "size": 20000000000,
            "source": null,
            "xml": []
          },
          "private": "bnVsbA==",
          "dependencies": [
            "libvirt_volume.ubuntu_base",
            "module._lucifer_kvm_guest.libvirt_pool.pool"
          ]
        }
      ]
    },
    {
      "module": "module._prometheus_kvm_guest",
      "mode": "managed",
      "type": "libvirt_volume",
      "name": "volume",
      "provider": "provider.libvirt",
      "instances": [
        {
          "schema_version": 0,
          "attributes": {
            "base_volume_id": "/opt/kvm/pools/ubuntu_20.04_base/ubuntu_20.04",
            "base_volume_name": null,
            "base_volume_pool": null,
            "format": "qcow2",
            "id": "/opt/kvm/pools/prometheus/prometheus",
            "name": "prometheus",
            "pool": "prometheus",
            "size": 30000000000,
            "source": null,
            "xml": []
          },
          "private": "bnVsbA==",
          "dependencies": [
            "libvirt_volume.ubuntu_base",
            "module._prometheus_kvm_guest.libvirt_pool.pool"
          ]
        }
      ]
    },
    {
      "module": "module._pihole_kvm_guest",
      "mode": "managed",
      "type": "libvirt_volume",
      "name": "volume",
      "provider": "provider.libvirt",
      "instances": [
        {
          "schema_version": 0,
          "attributes": {
            "base_volume_id": "/opt/kvm/pools/ubuntu_20.04_base/ubuntu_20.04",
            "base_volume_name": null,
            "base_volume_pool": null,
            "format": "qcow2",
            "id": "/opt/kvm/pools/pihole/pihole",
            "name": "pihole",
            "pool": "pihole",
            "size": 10000000000,
            "source": null,
            "xml": []
          },
          "private": "bnVsbA==",
          "dependencies": [
            "libvirt_volume.ubuntu_base",
            "module._pihole_kvm_guest.libvirt_pool.pool"
          ]
        }
      ]
    },
    {
      "module": "module._satan_kvm_guest",
      "mode": "managed",
      "type": "libvirt_volume",
      "name": "volume",
      "provider": "provider.libvirt",
      "instances": [
        {
          "schema_version": 0,
          "attributes": {
            "base_volume_id": "/opt/kvm/pools/ubuntu_20.04_base/ubuntu_20.04",
            "base_volume_name": null,
            "base_volume_pool": null,
            "format": "qcow2",
            "id": "/opt/kvm/pools/satan/satan",
            "name": "satan",
            "pool": "satan",
            "size": 30000000000,
            "source": null,
            "xml": []
          },
          "private": "bnVsbA==",
          "dependencies": [
            "libvirt_volume.ubuntu_base",
            "module._satan_kvm_guest.libvirt_pool.pool"
          ]
        }
      ]
    }
  ]
}
