{
  "version": 4,
  "terraform_version": "1.9.8",
  "serial": 106,
  "lineage": "1eac342e-f6e3-8f46-105f-0734e3dc43f5",
  "outputs": {},
  "resources": [
    {
      "mode": "managed",
      "type": "libvirt_pool",
      "name": "debian_pool",
      "provider": "provider[\"registry.terraform.io/dmacvicar/libvirt\"].construct01",
      "instances": [
        {
          "schema_version": 0,
          "attributes": {
            "allocation": 6712524800,
            "available": 968268738560,
            "capacity": 974981263360,
            "id": "e255a263-10b7-47d0-9d03-bd87e482d56f",
            "name": "debian_bookworm_base",
            "path": null,
            "source": [],
            "target": [
              {
                "path": "/opt/kvm/pools/debian_bookworm_base"
              }
            ],
            "type": "dir",
            "xml": []
          },
          "sensitive_attributes": [],
          "private": "bnVsbA=="
        }
      ]
    },
    {
      "mode": "managed",
      "type": "libvirt_volume",
      "name": "debian_base",
      "provider": "provider[\"registry.terraform.io/dmacvicar/libvirt\"].construct01",
      "instances": [
        {
          "schema_version": 0,
          "attributes": {
            "base_volume_id": null,
            "base_volume_name": null,
            "base_volume_pool": null,
            "format": "qcow2",
            "id": "/opt/kvm/pools/debian_bookworm_base/debian_bookworm",
            "name": "debian_bookworm",
            "pool": "debian_bookworm_base",
            "size": 2147483648,
            "source": "https://cloud.debian.org/images/cloud/bookworm/20240717-1811/debian-12-generic-amd64-20240717-1811.qcow2",
            "xml": []
          },
          "sensitive_attributes": [],
          "private": "bnVsbA==",
          "dependencies": [
            "libvirt_pool.debian_pool"
          ]
        }
      ]
    },
    {
      "module": "module._link_kvm_guest",
      "mode": "data",
      "type": "template_file",
      "name": "network_config",
      "provider": "provider[\"registry.terraform.io/hashicorp/template\"]",
      "instances": [
        {
          "schema_version": 0,
          "attributes": {
            "filename": null,
            "id": "0f74f28afb024678606bcfd51150de5efc85c7178720bb90efd29f0f8b6165f0",
            "rendered": "version: 2\nethernets:\n  ens3:\n    dhcp4: no\n    dhcp6: no\n    addresses:\n      - 10.1.1.103/24\n    gateway4: 10.1.1.1\n    nameservers:\n      addresses:\n        - 10.1.1.99\n        - 10.1.1.1\n",
            "template": "version: 2\nethernets:\n  ens3:\n    dhcp4: no\n    dhcp6: no\n    addresses:\n      - ${ipv4_address}/24\n    gateway4: 10.1.1.1\n    nameservers:\n      addresses:\n        - 10.1.1.99\n        - 10.1.1.1\n",
            "vars": {
              "ipv4_address": "10.1.1.103"
            }
          },
          "sensitive_attributes": []
        }
      ]
    },
    {
      "module": "module._link_kvm_guest",
      "mode": "data",
      "type": "template_file",
      "name": "user_data",
      "provider": "provider[\"registry.terraform.io/hashicorp/template\"]",
      "instances": [
        {
          "schema_version": 0,
          "attributes": {
            "filename": null,
            "id": "fb14eaf86300b9fe9d498f559f011f3358b2b41753b0738e0b07f570b386e5bd",
            "rendered": "#cloud-config\n# ***********************\n# \t---- for more examples look at: ------\n# ---\u003e https://cloudinit.readthedocs.io/en/latest/topics/examples.html\n# ******************************\nhostname: link\nmanage_etc_hosts: false\nusers:\n  - name: ikke\n    sudo: ALL=(ALL) NOPASSWD:ALL\n    groups: users, admin\n    home: /home/ikke\n    shell: /bin/bash\n    lock_passwd: false\n    ssh-authorized-keys:\n      - ssh-rsa AAAAB3NzaC1yc2EAAAADAQABAAABAQC4V1nwHWqet+UIxMzwWBDc34jsUfqEkAxB4sZT/l9oDuasKNHd7iWHLQPEI9d5TOkcHc2l50Jh4rnyguwQTLS/WXEinJmrr5VaRc6gQkpYz7LbeWFTUbUeg753ivlJdYmUb0MPaNkjQqPySom2/Z89TZ2nwMdvafjSQJLY5ErsRxs0tyuPU9YimaXCC9hesa6Kv41d+oJGaAhkF6gzs03xea//WR34G+a88lAclLrbNlMMcFipt0W4Sr8XZlcPg9+WB3DKd7lsZ1C47HkbRNioC58AThw/0hVBsTfLHHPn2jTZK4y34htzCZKfSp7IZhnnR4FokZWL7eiXSGV8eWYt\n# only cert auth via ssh (console access can still login)\nssh_pwauth: false\ndisable_root: false\nchpasswd:\n  list: |\n     ikke:ikke\n  expire: False\npackages:\n  - qemu-guest-agent\n  - python3\n  - avahi-daemon\n  - aptitude\npackage_update: true\npackage_upgrade: true\npackage_reboot_if_required: true\nruncmd:\n  - [ ln, -s, /usr/bin/python3, /usr/bin/python ]\n",
            "template": "#cloud-config\n# ***********************\n# \t---- for more examples look at: ------\n# ---\u003e https://cloudinit.readthedocs.io/en/latest/topics/examples.html\n# ******************************\nhostname: ${hostname}\nmanage_etc_hosts: false\nusers:\n  - name: ikke\n    sudo: ALL=(ALL) NOPASSWD:ALL\n    groups: users, admin\n    home: /home/ikke\n    shell: /bin/bash\n    lock_passwd: false\n    ssh-authorized-keys:\n      - ssh-rsa AAAAB3NzaC1yc2EAAAADAQABAAABAQC4V1nwHWqet+UIxMzwWBDc34jsUfqEkAxB4sZT/l9oDuasKNHd7iWHLQPEI9d5TOkcHc2l50Jh4rnyguwQTLS/WXEinJmrr5VaRc6gQkpYz7LbeWFTUbUeg753ivlJdYmUb0MPaNkjQqPySom2/Z89TZ2nwMdvafjSQJLY5ErsRxs0tyuPU9YimaXCC9hesa6Kv41d+oJGaAhkF6gzs03xea//WR34G+a88lAclLrbNlMMcFipt0W4Sr8XZlcPg9+WB3DKd7lsZ1C47HkbRNioC58AThw/0hVBsTfLHHPn2jTZK4y34htzCZKfSp7IZhnnR4FokZWL7eiXSGV8eWYt\n# only cert auth via ssh (console access can still login)\nssh_pwauth: false\ndisable_root: false\nchpasswd:\n  list: |\n     ikke:ikke\n  expire: False\npackages:\n  - qemu-guest-agent\n  - python3\n  - avahi-daemon\n  - aptitude\npackage_update: true\npackage_upgrade: true\npackage_reboot_if_required: true\nruncmd:\n  - [ ln, -s, /usr/bin/python3, /usr/bin/python ]\n",
            "vars": {
              "hostname": "link"
            }
          },
          "sensitive_attributes": []
        }
      ]
    },
    {
      "module": "module._link_kvm_guest",
      "mode": "managed",
      "type": "libvirt_cloudinit_disk",
      "name": "cloudinit_data",
      "provider": "provider[\"registry.terraform.io/dmacvicar/libvirt\"].construct01",
      "instances": [
        {
          "schema_version": 0,
          "attributes": {
            "id": "/opt/kvm/pools/link/link_cloudinit_data;424a7988-dc9e-4e9a-a1af-cdc883e6394a",
            "meta_data": "",
            "name": "link_cloudinit_data",
            "network_config": "version: 2\nethernets:\n  ens3:\n    dhcp4: no\n    dhcp6: no\n    addresses:\n      - 10.1.1.103/24\n    gateway4: 10.1.1.1\n    nameservers:\n      addresses:\n        - 10.1.1.99\n        - 10.1.1.1\n",
            "pool": "link",
            "user_data": "#cloud-config\n# ***********************\n# \t---- for more examples look at: ------\n# ---\u003e https://cloudinit.readthedocs.io/en/latest/topics/examples.html\n# ******************************\nhostname: link\nmanage_etc_hosts: false\nusers:\n  - name: ikke\n    sudo: ALL=(ALL) NOPASSWD:ALL\n    groups: users, admin\n    home: /home/ikke\n    shell: /bin/bash\n    lock_passwd: false\n    ssh-authorized-keys:\n      - ssh-rsa AAAAB3NzaC1yc2EAAAADAQABAAABAQC4V1nwHWqet+UIxMzwWBDc34jsUfqEkAxB4sZT/l9oDuasKNHd7iWHLQPEI9d5TOkcHc2l50Jh4rnyguwQTLS/WXEinJmrr5VaRc6gQkpYz7LbeWFTUbUeg753ivlJdYmUb0MPaNkjQqPySom2/Z89TZ2nwMdvafjSQJLY5ErsRxs0tyuPU9YimaXCC9hesa6Kv41d+oJGaAhkF6gzs03xea//WR34G+a88lAclLrbNlMMcFipt0W4Sr8XZlcPg9+WB3DKd7lsZ1C47HkbRNioC58AThw/0hVBsTfLHHPn2jTZK4y34htzCZKfSp7IZhnnR4FokZWL7eiXSGV8eWYt\n# only cert auth via ssh (console access can still login)\nssh_pwauth: false\ndisable_root: false\nchpasswd:\n  list: |\n     ikke:ikke\n  expire: False\npackages:\n  - qemu-guest-agent\n  - python3\n  - avahi-daemon\n  - aptitude\npackage_update: true\npackage_upgrade: true\npackage_reboot_if_required: true\nruncmd:\n  - [ ln, -s, /usr/bin/python3, /usr/bin/python ]\n"
          },
          "sensitive_attributes": [],
          "private": "bnVsbA==",
          "dependencies": [
            "module._link_kvm_guest.data.template_file.network_config",
            "module._link_kvm_guest.data.template_file.user_data",
            "module._link_kvm_guest.libvirt_pool.pool"
          ]
        }
      ]
    },
    {
      "module": "module._link_kvm_guest",
      "mode": "managed",
      "type": "libvirt_domain",
      "name": "domain",
      "provider": "provider[\"registry.terraform.io/dmacvicar/libvirt\"].construct01",
      "instances": [
        {
          "schema_version": 0,
          "attributes": {
            "arch": "x86_64",
            "autostart": true,
            "boot_device": [],
            "cloudinit": "/opt/kvm/pools/link/link_cloudinit_data;424a7988-dc9e-4e9a-a1af-cdc883e6394a",
            "cmdline": null,
            "console": [
              {
                "source_host": "127.0.0.1",
                "source_path": "",
                "source_service": "0",
                "target_port": "0",
                "target_type": "serial",
                "type": "pty"
              },
              {
                "source_host": "127.0.0.1",
                "source_path": "",
                "source_service": "0",
                "target_port": "1",
                "target_type": "virtio",
                "type": "pty"
              }
            ],
            "coreos_ignition": null,
            "cpu": [
              {
                "mode": "custom"
              }
            ],
            "description": "",
            "disk": [
              {
                "block_device": "",
                "file": "",
                "scsi": false,
                "url": "",
                "volume_id": "/opt/kvm/pools/link/link",
                "wwn": ""
              }
            ],
            "emulator": "/usr/bin/qemu-system-x86_64",
            "filesystem": [],
            "firmware": "",
            "fw_cfg_name": "opt/com.coreos/config",
            "graphics": [],
            "id": "9313f082-18e3-4c07-8364-696279aec197",
            "initrd": "",
            "kernel": "",
            "machine": "pc",
            "memory": 2048,
            "metadata": null,
            "name": "link",
            "network_interface": [
              {
                "addresses": [],
                "bridge": "br0",
                "hostname": "",
                "mac": "52:54:00:EE:B7:2C",
                "macvtap": "",
                "network_id": "",
                "network_name": "",
                "passthrough": "",
                "vepa": "",
                "wait_for_lease": false
              }
            ],
            "nvram": null,
            "qemu_agent": false,
            "running": true,
            "timeouts": null,
            "tpm": [],
            "type": "kvm",
            "vcpu": 2,
            "video": [],
            "xml": []
          },
          "sensitive_attributes": [],
          "private": "eyJlMmJmYjczMC1lY2FhLTExZTYtOGY4OC0zNDM2M2JjN2M0YzAiOnsiY3JlYXRlIjozMDAwMDAwMDAwMDB9fQ==",
          "dependencies": [
            "libvirt_pool.debian_pool",
            "libvirt_volume.debian_base",
            "module._link_kvm_guest.data.template_file.network_config",
            "module._link_kvm_guest.data.template_file.user_data",
            "module._link_kvm_guest.libvirt_cloudinit_disk.cloudinit_data",
            "module._link_kvm_guest.libvirt_pool.pool",
            "module._link_kvm_guest.libvirt_volume.volume"
          ]
        }
      ]
    },
    {
      "module": "module._link_kvm_guest",
      "mode": "managed",
      "type": "libvirt_pool",
      "name": "pool",
      "provider": "provider[\"registry.terraform.io/dmacvicar/libvirt\"].construct01",
      "instances": [
        {
          "schema_version": 0,
          "attributes": {
            "allocation": 10318319616,
            "available": 964662943744,
            "capacity": 974981263360,
            "id": "3fd8eadb-255e-49ad-bf59-6c7c017e88df",
            "name": "link",
            "path": null,
            "source": [],
            "target": [
              {
                "path": "/opt/kvm/pools/link"
              }
            ],
            "type": "dir",
            "xml": []
          },
          "sensitive_attributes": [],
          "private": "bnVsbA=="
        }
      ]
    },
    {
      "module": "module._link_kvm_guest",
      "mode": "managed",
      "type": "libvirt_volume",
      "name": "volume",
      "provider": "provider[\"registry.terraform.io/dmacvicar/libvirt\"].construct01",
      "instances": [
        {
          "schema_version": 0,
          "attributes": {
            "base_volume_id": "/opt/kvm/pools/debian_bookworm_base/debian_bookworm",
            "base_volume_name": null,
            "base_volume_pool": null,
            "format": "qcow2",
            "id": "/opt/kvm/pools/link/link",
            "name": "link",
            "pool": "link",
            "size": 25000000512,
            "source": null,
            "xml": []
          },
          "sensitive_attributes": [],
          "private": "bnVsbA==",
          "dependencies": [
            "libvirt_pool.debian_pool",
            "libvirt_volume.debian_base",
            "module._link_kvm_guest.libvirt_pool.pool"
          ]
        }
      ]
    },
    {
      "module": "module._morpheus_kvm_guest",
      "mode": "data",
      "type": "template_file",
      "name": "network_config",
      "provider": "provider[\"registry.terraform.io/hashicorp/template\"]",
      "instances": [
        {
          "schema_version": 0,
          "attributes": {
            "filename": null,
            "id": "1cef03ba5875649db689ef7a10a738fb7e75dd7c47ee7662338fdc52933edc8d",
            "rendered": "version: 2\nethernets:\n  ens3:\n    dhcp4: no\n    dhcp6: no\n    addresses:\n      - 10.1.1.101/24\n    gateway4: 10.1.1.1\n    nameservers:\n      addresses:\n        - 10.1.1.99\n        - 10.1.1.1\n",
            "template": "version: 2\nethernets:\n  ens3:\n    dhcp4: no\n    dhcp6: no\n    addresses:\n      - ${ipv4_address}/24\n    gateway4: 10.1.1.1\n    nameservers:\n      addresses:\n        - 10.1.1.99\n        - 10.1.1.1\n",
            "vars": {
              "ipv4_address": "10.1.1.101"
            }
          },
          "sensitive_attributes": []
        }
      ]
    },
    {
      "module": "module._morpheus_kvm_guest",
      "mode": "data",
      "type": "template_file",
      "name": "user_data",
      "provider": "provider[\"registry.terraform.io/hashicorp/template\"]",
      "instances": [
        {
          "schema_version": 0,
          "attributes": {
            "filename": null,
            "id": "1aa47d2f7f2127e8829f576e62464305238c93229a621c9cd7760f948a1214f4",
            "rendered": "#cloud-config\n# ***********************\n# \t---- for more examples look at: ------\n# ---\u003e https://cloudinit.readthedocs.io/en/latest/topics/examples.html\n# ******************************\nhostname: morpheus\nmanage_etc_hosts: false\nusers:\n  - name: ikke\n    sudo: ALL=(ALL) NOPASSWD:ALL\n    groups: users, admin\n    home: /home/ikke\n    shell: /bin/bash\n    lock_passwd: false\n    ssh-authorized-keys:\n      - ssh-rsa AAAAB3NzaC1yc2EAAAADAQABAAABAQC4V1nwHWqet+UIxMzwWBDc34jsUfqEkAxB4sZT/l9oDuasKNHd7iWHLQPEI9d5TOkcHc2l50Jh4rnyguwQTLS/WXEinJmrr5VaRc6gQkpYz7LbeWFTUbUeg753ivlJdYmUb0MPaNkjQqPySom2/Z89TZ2nwMdvafjSQJLY5ErsRxs0tyuPU9YimaXCC9hesa6Kv41d+oJGaAhkF6gzs03xea//WR34G+a88lAclLrbNlMMcFipt0W4Sr8XZlcPg9+WB3DKd7lsZ1C47HkbRNioC58AThw/0hVBsTfLHHPn2jTZK4y34htzCZKfSp7IZhnnR4FokZWL7eiXSGV8eWYt\n# only cert auth via ssh (console access can still login)\nssh_pwauth: false\ndisable_root: false\nchpasswd:\n  list: |\n     ikke:ikke\n  expire: False\npackages:\n  - qemu-guest-agent\n  - python3\n  - avahi-daemon\n  - aptitude\npackage_update: true\npackage_upgrade: true\npackage_reboot_if_required: true\nruncmd:\n  - [ ln, -s, /usr/bin/python3, /usr/bin/python ]\n",
            "template": "#cloud-config\n# ***********************\n# \t---- for more examples look at: ------\n# ---\u003e https://cloudinit.readthedocs.io/en/latest/topics/examples.html\n# ******************************\nhostname: ${hostname}\nmanage_etc_hosts: false\nusers:\n  - name: ikke\n    sudo: ALL=(ALL) NOPASSWD:ALL\n    groups: users, admin\n    home: /home/ikke\n    shell: /bin/bash\n    lock_passwd: false\n    ssh-authorized-keys:\n      - ssh-rsa AAAAB3NzaC1yc2EAAAADAQABAAABAQC4V1nwHWqet+UIxMzwWBDc34jsUfqEkAxB4sZT/l9oDuasKNHd7iWHLQPEI9d5TOkcHc2l50Jh4rnyguwQTLS/WXEinJmrr5VaRc6gQkpYz7LbeWFTUbUeg753ivlJdYmUb0MPaNkjQqPySom2/Z89TZ2nwMdvafjSQJLY5ErsRxs0tyuPU9YimaXCC9hesa6Kv41d+oJGaAhkF6gzs03xea//WR34G+a88lAclLrbNlMMcFipt0W4Sr8XZlcPg9+WB3DKd7lsZ1C47HkbRNioC58AThw/0hVBsTfLHHPn2jTZK4y34htzCZKfSp7IZhnnR4FokZWL7eiXSGV8eWYt\n# only cert auth via ssh (console access can still login)\nssh_pwauth: false\ndisable_root: false\nchpasswd:\n  list: |\n     ikke:ikke\n  expire: False\npackages:\n  - qemu-guest-agent\n  - python3\n  - avahi-daemon\n  - aptitude\npackage_update: true\npackage_upgrade: true\npackage_reboot_if_required: true\nruncmd:\n  - [ ln, -s, /usr/bin/python3, /usr/bin/python ]\n",
            "vars": {
              "hostname": "morpheus"
            }
          },
          "sensitive_attributes": []
        }
      ]
    },
    {
      "module": "module._morpheus_kvm_guest",
      "mode": "managed",
      "type": "libvirt_cloudinit_disk",
      "name": "cloudinit_data",
      "provider": "provider[\"registry.terraform.io/dmacvicar/libvirt\"].construct01",
      "instances": [
        {
          "schema_version": 0,
          "attributes": {
            "id": "/opt/kvm/pools/morpheus/morpheus_cloudinit_data;396709ca-2d2e-4bc0-bad4-018b501626ed",
            "meta_data": "",
            "name": "morpheus_cloudinit_data",
            "network_config": "version: 2\nethernets:\n  ens3:\n    dhcp4: no\n    dhcp6: no\n    addresses:\n      - 10.1.1.101/24\n    gateway4: 10.1.1.1\n    nameservers:\n      addresses:\n        - 10.1.1.99\n        - 10.1.1.1\n",
            "pool": "morpheus",
            "user_data": "#cloud-config\n# ***********************\n# \t---- for more examples look at: ------\n# ---\u003e https://cloudinit.readthedocs.io/en/latest/topics/examples.html\n# ******************************\nhostname: morpheus\nmanage_etc_hosts: false\nusers:\n  - name: ikke\n    sudo: ALL=(ALL) NOPASSWD:ALL\n    groups: users, admin\n    home: /home/ikke\n    shell: /bin/bash\n    lock_passwd: false\n    ssh-authorized-keys:\n      - ssh-rsa AAAAB3NzaC1yc2EAAAADAQABAAABAQC4V1nwHWqet+UIxMzwWBDc34jsUfqEkAxB4sZT/l9oDuasKNHd7iWHLQPEI9d5TOkcHc2l50Jh4rnyguwQTLS/WXEinJmrr5VaRc6gQkpYz7LbeWFTUbUeg753ivlJdYmUb0MPaNkjQqPySom2/Z89TZ2nwMdvafjSQJLY5ErsRxs0tyuPU9YimaXCC9hesa6Kv41d+oJGaAhkF6gzs03xea//WR34G+a88lAclLrbNlMMcFipt0W4Sr8XZlcPg9+WB3DKd7lsZ1C47HkbRNioC58AThw/0hVBsTfLHHPn2jTZK4y34htzCZKfSp7IZhnnR4FokZWL7eiXSGV8eWYt\n# only cert auth via ssh (console access can still login)\nssh_pwauth: false\ndisable_root: false\nchpasswd:\n  list: |\n     ikke:ikke\n  expire: False\npackages:\n  - qemu-guest-agent\n  - python3\n  - avahi-daemon\n  - aptitude\npackage_update: true\npackage_upgrade: true\npackage_reboot_if_required: true\nruncmd:\n  - [ ln, -s, /usr/bin/python3, /usr/bin/python ]\n"
          },
          "sensitive_attributes": [],
          "private": "bnVsbA==",
          "dependencies": [
            "module._morpheus_kvm_guest.data.template_file.network_config",
            "module._morpheus_kvm_guest.data.template_file.user_data",
            "module._morpheus_kvm_guest.libvirt_pool.pool"
          ]
        }
      ]
    },
    {
      "module": "module._morpheus_kvm_guest",
      "mode": "managed",
      "type": "libvirt_domain",
      "name": "domain",
      "provider": "provider[\"registry.terraform.io/dmacvicar/libvirt\"].construct01",
      "instances": [
        {
          "schema_version": 0,
          "attributes": {
            "arch": "x86_64",
            "autostart": true,
            "boot_device": [],
            "cloudinit": "/opt/kvm/pools/morpheus/morpheus_cloudinit_data;396709ca-2d2e-4bc0-bad4-018b501626ed",
            "cmdline": [],
            "console": [
              {
                "source_host": "127.0.0.1",
                "source_path": "",
                "source_service": "0",
                "target_port": "0",
                "target_type": "serial",
                "type": "pty"
              },
              {
                "source_host": "127.0.0.1",
                "source_path": "",
                "source_service": "0",
                "target_port": "1",
                "target_type": "virtio",
                "type": "pty"
              }
            ],
            "coreos_ignition": null,
            "cpu": [
              {
                "mode": "custom"
              }
            ],
            "description": "",
            "disk": [
              {
                "block_device": "",
                "file": "",
                "scsi": false,
                "url": "",
                "volume_id": "/opt/kvm/pools/morpheus/morpheus",
                "wwn": ""
              }
            ],
            "emulator": "/usr/bin/qemu-system-x86_64",
            "filesystem": [],
            "firmware": "",
            "fw_cfg_name": "opt/com.coreos/config",
            "graphics": [],
            "id": "571e3788-183f-4e6c-9738-fc81986ef778",
            "initrd": "",
            "kernel": "",
            "machine": "pc",
            "memory": 2048,
            "metadata": null,
            "name": "morpheus",
            "network_interface": [
              {
                "addresses": [],
                "bridge": "br0",
                "hostname": "",
                "mac": "52:54:00:FA:29:70",
                "macvtap": "",
                "network_id": "",
                "network_name": "",
                "passthrough": "",
                "vepa": "",
                "wait_for_lease": false
              }
            ],
            "nvram": [],
            "qemu_agent": false,
            "running": true,
            "timeouts": null,
            "tpm": [],
            "type": "kvm",
            "vcpu": 2,
            "video": [],
            "xml": []
          },
          "sensitive_attributes": [],
          "private": "eyJlMmJmYjczMC1lY2FhLTExZTYtOGY4OC0zNDM2M2JjN2M0YzAiOnsiY3JlYXRlIjozMDAwMDAwMDAwMDB9fQ==",
          "dependencies": [
            "libvirt_pool.debian_pool",
            "libvirt_volume.debian_base",
            "module._morpheus_kvm_guest.data.template_file.network_config",
            "module._morpheus_kvm_guest.data.template_file.user_data",
            "module._morpheus_kvm_guest.libvirt_cloudinit_disk.cloudinit_data",
            "module._morpheus_kvm_guest.libvirt_pool.pool",
            "module._morpheus_kvm_guest.libvirt_volume.volume"
          ]
        }
      ]
    },
    {
      "module": "module._morpheus_kvm_guest",
      "mode": "managed",
      "type": "libvirt_pool",
      "name": "pool",
      "provider": "provider[\"registry.terraform.io/dmacvicar/libvirt\"].construct01",
      "instances": [
        {
          "schema_version": 0,
          "attributes": {
            "allocation": 6712524800,
            "available": 968268738560,
            "capacity": 974981263360,
            "id": "8669257f-72fb-4d52-bd2b-e421dc79f4b5",
            "name": "morpheus",
            "path": null,
            "source": [],
            "target": [
              {
                "path": "/opt/kvm/pools/morpheus"
              }
            ],
            "type": "dir",
            "xml": []
          },
          "sensitive_attributes": [],
          "private": "bnVsbA=="
        }
      ]
    },
    {
      "module": "module._morpheus_kvm_guest",
      "mode": "managed",
      "type": "libvirt_volume",
      "name": "volume",
      "provider": "provider[\"registry.terraform.io/dmacvicar/libvirt\"].construct01",
      "instances": [
        {
          "schema_version": 0,
          "attributes": {
            "base_volume_id": "/opt/kvm/pools/debian_bookworm_base/debian_bookworm",
            "base_volume_name": null,
            "base_volume_pool": null,
            "format": "qcow2",
            "id": "/opt/kvm/pools/morpheus/morpheus",
            "name": "morpheus",
            "pool": "morpheus",
            "size": 25000000512,
            "source": null,
            "xml": []
          },
          "sensitive_attributes": [],
          "private": "bnVsbA==",
          "dependencies": [
            "libvirt_pool.debian_pool",
            "libvirt_volume.debian_base",
            "module._morpheus_kvm_guest.libvirt_pool.pool"
          ]
        }
      ]
    },
    {
      "module": "module._neo_kvm_guest",
      "mode": "data",
      "type": "template_file",
      "name": "network_config",
      "provider": "provider[\"registry.terraform.io/hashicorp/template\"]",
      "instances": [
        {
          "schema_version": 0,
          "attributes": {
            "filename": null,
            "id": "6d673de5a14bb1fd67db7539ea39d69d0d5a0bb6bae1883fe70583db6dfb73d6",
            "rendered": "version: 2\nethernets:\n  ens3:\n    dhcp4: no\n    dhcp6: no\n    addresses:\n      - 10.1.1.102/24\n    gateway4: 10.1.1.1\n    nameservers:\n      addresses:\n        - 10.1.1.99\n        - 10.1.1.1\n",
            "template": "version: 2\nethernets:\n  ens3:\n    dhcp4: no\n    dhcp6: no\n    addresses:\n      - ${ipv4_address}/24\n    gateway4: 10.1.1.1\n    nameservers:\n      addresses:\n        - 10.1.1.99\n        - 10.1.1.1\n",
            "vars": {
              "ipv4_address": "10.1.1.102"
            }
          },
          "sensitive_attributes": []
        }
      ]
    },
    {
      "module": "module._neo_kvm_guest",
      "mode": "data",
      "type": "template_file",
      "name": "user_data",
      "provider": "provider[\"registry.terraform.io/hashicorp/template\"]",
      "instances": [
        {
          "schema_version": 0,
          "attributes": {
            "filename": null,
            "id": "a0917f6ea185dccb1e788023789b695683b93fa013d0fa529c02fd463f82e6ff",
            "rendered": "#cloud-config\n# ***********************\n# \t---- for more examples look at: ------\n# ---\u003e https://cloudinit.readthedocs.io/en/latest/topics/examples.html\n# ******************************\nhostname: neo\nmanage_etc_hosts: false\nusers:\n  - name: ikke\n    sudo: ALL=(ALL) NOPASSWD:ALL\n    groups: users, admin\n    home: /home/ikke\n    shell: /bin/bash\n    lock_passwd: false\n    ssh-authorized-keys:\n      - ssh-rsa AAAAB3NzaC1yc2EAAAADAQABAAABAQC4V1nwHWqet+UIxMzwWBDc34jsUfqEkAxB4sZT/l9oDuasKNHd7iWHLQPEI9d5TOkcHc2l50Jh4rnyguwQTLS/WXEinJmrr5VaRc6gQkpYz7LbeWFTUbUeg753ivlJdYmUb0MPaNkjQqPySom2/Z89TZ2nwMdvafjSQJLY5ErsRxs0tyuPU9YimaXCC9hesa6Kv41d+oJGaAhkF6gzs03xea//WR34G+a88lAclLrbNlMMcFipt0W4Sr8XZlcPg9+WB3DKd7lsZ1C47HkbRNioC58AThw/0hVBsTfLHHPn2jTZK4y34htzCZKfSp7IZhnnR4FokZWL7eiXSGV8eWYt\n# only cert auth via ssh (console access can still login)\nssh_pwauth: false\ndisable_root: false\nchpasswd:\n  list: |\n     ikke:ikke\n  expire: False\npackages:\n  - qemu-guest-agent\n  - python3\n  - avahi-daemon\n  - aptitude\npackage_update: true\npackage_upgrade: true\npackage_reboot_if_required: true\nruncmd:\n  - [ ln, -s, /usr/bin/python3, /usr/bin/python ]\n",
            "template": "#cloud-config\n# ***********************\n# \t---- for more examples look at: ------\n# ---\u003e https://cloudinit.readthedocs.io/en/latest/topics/examples.html\n# ******************************\nhostname: ${hostname}\nmanage_etc_hosts: false\nusers:\n  - name: ikke\n    sudo: ALL=(ALL) NOPASSWD:ALL\n    groups: users, admin\n    home: /home/ikke\n    shell: /bin/bash\n    lock_passwd: false\n    ssh-authorized-keys:\n      - ssh-rsa AAAAB3NzaC1yc2EAAAADAQABAAABAQC4V1nwHWqet+UIxMzwWBDc34jsUfqEkAxB4sZT/l9oDuasKNHd7iWHLQPEI9d5TOkcHc2l50Jh4rnyguwQTLS/WXEinJmrr5VaRc6gQkpYz7LbeWFTUbUeg753ivlJdYmUb0MPaNkjQqPySom2/Z89TZ2nwMdvafjSQJLY5ErsRxs0tyuPU9YimaXCC9hesa6Kv41d+oJGaAhkF6gzs03xea//WR34G+a88lAclLrbNlMMcFipt0W4Sr8XZlcPg9+WB3DKd7lsZ1C47HkbRNioC58AThw/0hVBsTfLHHPn2jTZK4y34htzCZKfSp7IZhnnR4FokZWL7eiXSGV8eWYt\n# only cert auth via ssh (console access can still login)\nssh_pwauth: false\ndisable_root: false\nchpasswd:\n  list: |\n     ikke:ikke\n  expire: False\npackages:\n  - qemu-guest-agent\n  - python3\n  - avahi-daemon\n  - aptitude\npackage_update: true\npackage_upgrade: true\npackage_reboot_if_required: true\nruncmd:\n  - [ ln, -s, /usr/bin/python3, /usr/bin/python ]\n",
            "vars": {
              "hostname": "neo"
            }
          },
          "sensitive_attributes": []
        }
      ]
    },
    {
      "module": "module._neo_kvm_guest",
      "mode": "managed",
      "type": "libvirt_cloudinit_disk",
      "name": "cloudinit_data",
      "provider": "provider[\"registry.terraform.io/dmacvicar/libvirt\"].construct01",
      "instances": [
        {
          "schema_version": 0,
          "attributes": {
            "id": "/opt/kvm/pools/neo/neo_cloudinit_data;3dd49e78-1ffc-4490-86b4-4036b6e170df",
            "meta_data": "",
            "name": "neo_cloudinit_data",
            "network_config": "version: 2\nethernets:\n  ens3:\n    dhcp4: no\n    dhcp6: no\n    addresses:\n      - 10.1.1.102/24\n    gateway4: 10.1.1.1\n    nameservers:\n      addresses:\n        - 10.1.1.99\n        - 10.1.1.1\n",
            "pool": "neo",
            "user_data": "#cloud-config\n# ***********************\n# \t---- for more examples look at: ------\n# ---\u003e https://cloudinit.readthedocs.io/en/latest/topics/examples.html\n# ******************************\nhostname: neo\nmanage_etc_hosts: false\nusers:\n  - name: ikke\n    sudo: ALL=(ALL) NOPASSWD:ALL\n    groups: users, admin\n    home: /home/ikke\n    shell: /bin/bash\n    lock_passwd: false\n    ssh-authorized-keys:\n      - ssh-rsa AAAAB3NzaC1yc2EAAAADAQABAAABAQC4V1nwHWqet+UIxMzwWBDc34jsUfqEkAxB4sZT/l9oDuasKNHd7iWHLQPEI9d5TOkcHc2l50Jh4rnyguwQTLS/WXEinJmrr5VaRc6gQkpYz7LbeWFTUbUeg753ivlJdYmUb0MPaNkjQqPySom2/Z89TZ2nwMdvafjSQJLY5ErsRxs0tyuPU9YimaXCC9hesa6Kv41d+oJGaAhkF6gzs03xea//WR34G+a88lAclLrbNlMMcFipt0W4Sr8XZlcPg9+WB3DKd7lsZ1C47HkbRNioC58AThw/0hVBsTfLHHPn2jTZK4y34htzCZKfSp7IZhnnR4FokZWL7eiXSGV8eWYt\n# only cert auth via ssh (console access can still login)\nssh_pwauth: false\ndisable_root: false\nchpasswd:\n  list: |\n     ikke:ikke\n  expire: False\npackages:\n  - qemu-guest-agent\n  - python3\n  - avahi-daemon\n  - aptitude\npackage_update: true\npackage_upgrade: true\npackage_reboot_if_required: true\nruncmd:\n  - [ ln, -s, /usr/bin/python3, /usr/bin/python ]\n"
          },
          "sensitive_attributes": [],
          "private": "bnVsbA==",
          "dependencies": [
            "module._neo_kvm_guest.data.template_file.network_config",
            "module._neo_kvm_guest.data.template_file.user_data",
            "module._neo_kvm_guest.libvirt_pool.pool"
          ]
        }
      ]
    },
    {
      "module": "module._neo_kvm_guest",
      "mode": "managed",
      "type": "libvirt_domain",
      "name": "domain",
      "provider": "provider[\"registry.terraform.io/dmacvicar/libvirt\"].construct01",
      "instances": [
        {
          "schema_version": 0,
          "attributes": {
            "arch": "x86_64",
            "autostart": true,
            "boot_device": [],
            "cloudinit": "/opt/kvm/pools/neo/neo_cloudinit_data;3dd49e78-1ffc-4490-86b4-4036b6e170df",
            "cmdline": [],
            "console": [
              {
                "source_host": "127.0.0.1",
                "source_path": "",
                "source_service": "0",
                "target_port": "0",
                "target_type": "serial",
                "type": "pty"
              },
              {
                "source_host": "127.0.0.1",
                "source_path": "",
                "source_service": "0",
                "target_port": "1",
                "target_type": "virtio",
                "type": "pty"
              }
            ],
            "coreos_ignition": null,
            "cpu": [
              {
                "mode": "custom"
              }
            ],
            "description": "",
            "disk": [
              {
                "block_device": "",
                "file": "",
                "scsi": false,
                "url": "",
                "volume_id": "/opt/kvm/pools/neo/neo",
                "wwn": ""
              }
            ],
            "emulator": "/usr/bin/qemu-system-x86_64",
            "filesystem": [],
            "firmware": "",
            "fw_cfg_name": "opt/com.coreos/config",
            "graphics": [],
            "id": "2421d1d8-97fc-4d01-bf89-d0bdd118786b",
            "initrd": "",
            "kernel": "",
            "machine": "pc",
            "memory": 2048,
            "metadata": null,
            "name": "neo",
            "network_interface": [
              {
                "addresses": [],
                "bridge": "br0",
                "hostname": "",
                "mac": "52:54:00:6E:EB:F5",
                "macvtap": "",
                "network_id": "",
                "network_name": "",
                "passthrough": "",
                "vepa": "",
                "wait_for_lease": false
              }
            ],
            "nvram": [],
            "qemu_agent": false,
            "running": true,
            "timeouts": null,
            "tpm": [],
            "type": "kvm",
            "vcpu": 2,
            "video": [],
            "xml": []
          },
          "sensitive_attributes": [],
          "private": "eyJlMmJmYjczMC1lY2FhLTExZTYtOGY4OC0zNDM2M2JjN2M0YzAiOnsiY3JlYXRlIjozMDAwMDAwMDAwMDB9fQ==",
          "dependencies": [
            "libvirt_pool.debian_pool",
            "libvirt_volume.debian_base",
            "module._neo_kvm_guest.data.template_file.network_config",
            "module._neo_kvm_guest.data.template_file.user_data",
            "module._neo_kvm_guest.libvirt_cloudinit_disk.cloudinit_data",
            "module._neo_kvm_guest.libvirt_pool.pool",
            "module._neo_kvm_guest.libvirt_volume.volume"
          ]
        }
      ]
    },
    {
      "module": "module._neo_kvm_guest",
      "mode": "managed",
      "type": "libvirt_pool",
      "name": "pool",
      "provider": "provider[\"registry.terraform.io/dmacvicar/libvirt\"].construct01",
      "instances": [
        {
          "schema_version": 0,
          "attributes": {
            "allocation": 6712524800,
            "available": 968268738560,
            "capacity": 974981263360,
            "id": "7a065675-a283-45f3-95db-1d4647c67d85",
            "name": "neo",
            "path": null,
            "source": [],
            "target": [
              {
                "path": "/opt/kvm/pools/neo"
              }
            ],
            "type": "dir",
            "xml": []
          },
          "sensitive_attributes": [],
          "private": "bnVsbA=="
        }
      ]
    },
    {
      "module": "module._neo_kvm_guest",
      "mode": "managed",
      "type": "libvirt_volume",
      "name": "volume",
      "provider": "provider[\"registry.terraform.io/dmacvicar/libvirt\"].construct01",
      "instances": [
        {
          "schema_version": 0,
          "attributes": {
            "base_volume_id": "/opt/kvm/pools/debian_bookworm_base/debian_bookworm",
            "base_volume_name": null,
            "base_volume_pool": null,
            "format": "qcow2",
            "id": "/opt/kvm/pools/neo/neo",
            "name": "neo",
            "pool": "neo",
            "size": 50000000000,
            "source": null,
            "xml": []
          },
          "sensitive_attributes": [],
          "private": "bnVsbA==",
          "dependencies": [
            "libvirt_pool.debian_pool",
            "libvirt_volume.debian_base",
            "module._neo_kvm_guest.libvirt_pool.pool"
          ]
        }
      ]
    }
  ],
  "check_results": null
}
